
Microsoft Visual Studio Solution File, Format Version 12.00
# Visual Studio 15
VisualStudioVersion = 15.0.28307.421
MinimumVisualStudioVersion = 10.0.40219.1
Project("{FAE04EC0-301F-11D3-BF4B-00C04F79EFBC}") = "CryptoTest", "CryptoTest\CryptoTest.csproj", "{94EB5108-B5CE-4C12-AEB5-9216DABDC160}"
EndProject
Project("{FAE04EC0-301F-11D3-BF4B-00C04F79EFBC}") = "CryptoAlgorithm", "CryptoAlgorithm\CryptoAlgorithm.csproj", "{7D2F05DF-E992-4E47-A1F7-AB346458C022}"
EndProject
Project("{2150E333-8FDC-42A3-9474-1A3956D46DE8}") = "App", "App", "{71C69870-7E79-424A-A2BA-F25A6D01A400}"
EndProject
Project("{FAE04EC0-301F-11D3-BF4B-00C04F79EFBC}") = "UDPChat.Android", "App\UDPChat\UDPChat.Android\UDPChat.Android.csproj", "{3AC0D168-5227-44E5-9B0B-785282402525}"
EndProject
Project("{FAE04EC0-301F-11D3-BF4B-00C04F79EFBC}") = "UDPChat.iOS", "App\UDPChat\UDPChat.iOS\UDPChat.iOS.csproj", "{1BFEB9DC-E3C9-47C5-9C94-9EA2E776074B}"
EndProject
Project("{FAE04EC0-301F-11D3-BF4B-00C04F79EFBC}") = "UDPChat", "App\UDPChat\UDPChat\UDPChat.csproj", "{23071CB7-2FC6-4951-9233-AAE158A11C5F}"
EndProject
Project("{FAE04EC0-301F-11D3-BF4B-00C04F79EFBC}") = "UDPChat.Wpf", "UdpChat.Wpf\UDPChat.Wpf.csproj", "{EF1E26CB-375A-4DAB-8568-79618694D59E}"
EndProject
Global
	GlobalSection(SolutionConfigurationPlatforms) = preSolution
		Ad-Hoc|Any CPU = Ad-Hoc|Any CPU
		Ad-Hoc|iPhone = Ad-Hoc|iPhone
		Ad-Hoc|iPhoneSimulator = Ad-Hoc|iPhoneSimulator
		AppStore|Any CPU = AppStore|Any CPU
		AppStore|iPhone = AppStore|iPhone
		AppStore|iPhoneSimulator = AppStore|iPhoneSimulator
		Debug|Any CPU = Debug|Any CPU
		Debug|iPhone = Debug|iPhone
		Debug|iPhoneSimulator = Debug|iPhoneSimulator
		Release|Any CPU = Release|Any CPU
		Release|iPhone = Release|iPhone
		Release|iPhoneSimulator = Release|iPhoneSimulator
	EndGlobalSection
	GlobalSection(ProjectConfigurationPlatforms) = postSolution
		{94EB5108-B5CE-4C12-AEB5-9216DABDC160}.Ad-Hoc|Any CPU.ActiveCfg = Release|Any CPU
		{94EB5108-B5CE-4C12-AEB5-9216DABDC160}.Ad-Hoc|Any CPU.Build.0 = Release|Any CPU
		{94EB5108-B5CE-4C12-AEB5-9216DABDC160}.Ad-Hoc|iPhone.ActiveCfg = Release|Any CPU
		{94EB5108-B5CE-4C12-AEB5-9216DABDC160}.Ad-Hoc|iPhone.Build.0 = Release|Any CPU
		{94EB5108-B5CE-4C12-AEB5-9216DABDC160}.Ad-Hoc|iPhoneSimulator.ActiveCfg = Release|Any CPU
		{94EB5108-B5CE-4C12-AEB5-9216DABDC160}.Ad-Hoc|iPhoneSimulator.Build.0 = Release|Any CPU
		{94EB5108-B5CE-4C12-AEB5-9216DABDC160}.AppStore|Any CPU.ActiveCfg = Release|Any CPU
		{94EB5108-B5CE-4C12-AEB5-9216DABDC160}.AppStore|Any CPU.Build.0 = Release|Any CPU
		{94EB5108-B5CE-4C12-AEB5-9216DABDC160}.AppStore|iPhone.ActiveCfg = Release|Any CPU
		{94EB5108-B5CE-4C12-AEB5-9216DABDC160}.AppStore|iPhone.Build.0 = Release|Any CPU
		{94EB5108-B5CE-4C12-AEB5-9216DABDC160}.AppStore|iPhoneSimulator.ActiveCfg = Release|Any CPU
		{94EB5108-B5CE-4C12-AEB5-9216DABDC160}.AppStore|iPhoneSimulator.Build.0 = Release|Any CPU
		{94EB5108-B5CE-4C12-AEB5-9216DABDC160}.Debug|Any CPU.ActiveCfg = Debug|Any CPU
		{94EB5108-B5CE-4C12-AEB5-9216DABDC160}.Debug|Any CPU.Build.0 = Debug|Any CPU
		{94EB5108-B5CE-4C12-AEB5-9216DABDC160}.Debug|iPhone.ActiveCfg = Debug|Any CPU
		{94EB5108-B5CE-4C12-AEB5-9216DABDC160}.Debug|iPhone.Build.0 = Debug|Any CPU
		{94EB5108-B5CE-4C12-AEB5-9216DABDC160}.Debug|iPhoneSimulator.ActiveCfg = Debug|Any CPU
		{94EB5108-B5CE-4C12-AEB5-9216DABDC160}.Debug|iPhoneSimulator.Build.0 = Debug|Any CPU
		{94EB5108-B5CE-4C12-AEB5-9216DABDC160}.Release|Any CPU.ActiveCfg = Release|Any CPU
		{94EB5108-B5CE-4C12-AEB5-9216DABDC160}.Release|Any CPU.Build.0 = Release|Any CPU
		{94EB5108-B5CE-4C12-AEB5-9216DABDC160}.Release|iPhone.ActiveCfg = Release|Any CPU
		{94EB5108-B5CE-4C12-AEB5-9216DABDC160}.Release|iPhone.Build.0 = Release|Any CPU
		{94EB5108-B5CE-4C12-AEB5-9216DABDC160}.Release|iPhoneSimulator.ActiveCfg = Release|Any CPU
		{94EB5108-B5CE-4C12-AEB5-9216DABDC160}.Release|iPhoneSimulator.Build.0 = Release|Any CPU
		{7D2F05DF-E992-4E47-A1F7-AB346458C022}.Ad-Hoc|Any CPU.ActiveCfg = Debug|Any CPU
		{7D2F05DF-E992-4E47-A1F7-AB346458C022}.Ad-Hoc|Any CPU.Build.0 = Debug|Any CPU
		{7D2F05DF-E992-4E47-A1F7-AB346458C022}.Ad-Hoc|iPhone.ActiveCfg = Debug|Any CPU
		{7D2F05DF-E992-4E47-A1F7-AB346458C022}.Ad-Hoc|iPhone.Build.0 = Debug|Any CPU
		{7D2F05DF-E992-4E47-A1F7-AB346458C022}.Ad-Hoc|iPhoneSimulator.ActiveCfg = Debug|Any CPU
		{7D2F05DF-E992-4E47-A1F7-AB346458C022}.Ad-Hoc|iPhoneSimulator.Build.0 = Debug|Any CPU
		{7D2F05DF-E992-4E47-A1F7-AB346458C022}.AppStore|Any CPU.ActiveCfg = Debug|Any CPU
		{7D2F05DF-E992-4E47-A1F7-AB346458C022}.AppStore|Any CPU.Build.0 = Debug|Any CPU
		{7D2F05DF-E992-4E47-A1F7-AB346458C022}.AppStore|iPhone.ActiveCfg = Debug|Any CPU
		{7D2F05DF-E992-4E47-A1F7-AB346458C022}.AppStore|iPhone.Build.0 = Debug|Any CPU
		{7D2F05DF-E992-4E47-A1F7-AB346458C022}.AppStore|iPhoneSimulator.ActiveCfg = Debug|Any CPU
		{7D2F05DF-E992-4E47-A1F7-AB346458C022}.AppStore|iPhoneSimulator.Build.0 = Debug|Any CPU
		{7D2F05DF-E992-4E47-A1F7-AB346458C022}.Debug|Any CPU.ActiveCfg = Debug|Any CPU
		{7D2F05DF-E992-4E47-A1F7-AB346458C022}.Debug|Any CPU.Build.0 = Debug|Any CPU
		{7D2F05DF-E992-4E47-A1F7-AB346458C022}.Debug|iPhone.ActiveCfg = Debug|Any CPU
		{7D2F05DF-E992-4E47-A1F7-AB346458C022}.Debug|iPhone.Build.0 = Debug|Any CPU
		{7D2F05DF-E992-4E47-A1F7-AB346458C022}.Debug|iPhoneSimulator.ActiveCfg = Debug|Any CPU
		{7D2F05DF-E992-4E47-A1F7-AB346458C022}.Debug|iPhoneSimulator.Build.0 = Debug|Any CPU
		{7D2F05DF-E992-4E47-A1F7-AB346458C022}.Release|Any CPU.ActiveCfg = Release|Any CPU
		{7D2F05DF-E992-4E47-A1F7-AB346458C022}.Release|Any CPU.Build.0 = Release|Any CPU
		{7D2F05DF-E992-4E47-A1F7-AB346458C022}.Release|iPhone.ActiveCfg = Release|Any CPU
		{7D2F05DF-E992-4E47-A1F7-AB346458C022}.Release|iPhone.Build.0 = Release|Any CPU
		{7D2F05DF-E992-4E47-A1F7-AB346458C022}.Release|iPhoneSimulator.ActiveCfg = Release|Any CPU
		{7D2F05DF-E992-4E47-A1F7-AB346458C022}.Release|iPhoneSimulator.Build.0 = Release|Any CPU
		{3AC0D168-5227-44E5-9B0B-785282402525}.Ad-Hoc|Any CPU.ActiveCfg = Release|Any CPU
		{3AC0D168-5227-44E5-9B0B-785282402525}.Ad-Hoc|Any CPU.Build.0 = Release|Any CPU
		{3AC0D168-5227-44E5-9B0B-785282402525}.Ad-Hoc|Any CPU.Deploy.0 = Release|Any CPU
		{3AC0D168-5227-44E5-9B0B-785282402525}.Ad-Hoc|iPhone.ActiveCfg = Release|Any CPU
		{3AC0D168-5227-44E5-9B0B-785282402525}.Ad-Hoc|iPhone.Build.0 = Release|Any CPU
		{3AC0D168-5227-44E5-9B0B-785282402525}.Ad-Hoc|iPhone.Deploy.0 = Release|Any CPU
		{3AC0D168-5227-44E5-9B0B-785282402525}.Ad-Hoc|iPhoneSimulator.ActiveCfg = Release|Any CPU
		{3AC0D168-5227-44E5-9B0B-785282402525}.Ad-Hoc|iPhoneSimulator.Build.0 = Release|Any CPU
		{3AC0D168-5227-44E5-9B0B-785282402525}.Ad-Hoc|iPhoneSimulator.Deploy.0 = Release|Any CPU
		{3AC0D168-5227-44E5-9B0B-785282402525}.AppStore|Any CPU.ActiveCfg = Release|Any CPU
		{3AC0D168-5227-44E5-9B0B-785282402525}.AppStore|Any CPU.Build.0 = Release|Any CPU
		{3AC0D168-5227-44E5-9B0B-785282402525}.AppStore|Any CPU.Deploy.0 = Release|Any CPU
		{3AC0D168-5227-44E5-9B0B-785282402525}.AppStore|iPhone.ActiveCfg = Release|Any CPU
		{3AC0D168-5227-44E5-9B0B-785282402525}.AppStore|iPhone.Build.0 = Release|Any CPU
		{3AC0D168-5227-44E5-9B0B-785282402525}.AppStore|iPhone.Deploy.0 = Release|Any CPU
		{3AC0D168-5227-44E5-9B0B-785282402525}.AppStore|iPhoneSimulator.ActiveCfg = Release|Any CPU
		{3AC0D168-5227-44E5-9B0B-785282402525}.AppStore|iPhoneSimulator.Build.0 = Release|Any CPU
		{3AC0D168-5227-44E5-9B0B-785282402525}.AppStore|iPhoneSimulator.Deploy.0 = Release|Any CPU
		{3AC0D168-5227-44E5-9B0B-785282402525}.Debug|Any CPU.ActiveCfg = Debug|Any CPU
		{3AC0D168-5227-44E5-9B0B-785282402525}.Debug|Any CPU.Build.0 = Debug|Any CPU
		{3AC0D168-5227-44E5-9B0B-785282402525}.Debug|Any CPU.Deploy.0 = Debug|Any CPU
		{3AC0D168-5227-44E5-9B0B-785282402525}.Debug|iPhone.ActiveCfg = Debug|Any CPU
		{3AC0D168-5227-44E5-9B0B-785282402525}.Debug|iPhone.Build.0 = Debug|Any CPU
		{3AC0D168-5227-44E5-9B0B-785282402525}.Debug|iPhone.Deploy.0 = Debug|Any CPU
		{3AC0D168-5227-44E5-9B0B-785282402525}.Debug|iPhoneSimulator.ActiveCfg = Debug|Any CPU
		{3AC0D168-5227-44E5-9B0B-785282402525}.Debug|iPhoneSimulator.Build.0 = Debug|Any CPU
		{3AC0D168-5227-44E5-9B0B-785282402525}.Debug|iPhoneSimulator.Deploy.0 = Debug|Any CPU
		{3AC0D168-5227-44E5-9B0B-785282402525}.Release|Any CPU.ActiveCfg = Release|Any CPU
		{3AC0D168-5227-44E5-9B0B-785282402525}.Release|Any CPU.Build.0 = Release|Any CPU
		{3AC0D168-5227-44E5-9B0B-785282402525}.Release|Any CPU.Deploy.0 = Release|Any CPU
		{3AC0D168-5227-44E5-9B0B-785282402525}.Release|iPhone.ActiveCfg = Release|Any CPU
		{3AC0D168-5227-44E5-9B0B-785282402525}.Release|iPhone.Build.0 = Release|Any CPU
		{3AC0D168-5227-44E5-9B0B-785282402525}.Release|iPhone.Deploy.0 = Release|Any CPU
		{3AC0D168-5227-44E5-9B0B-785282402525}.Release|iPhoneSimulator.ActiveCfg = Release|Any CPU
		{3AC0D168-5227-44E5-9B0B-785282402525}.Release|iPhoneSimulator.Build.0 = Release|Any CPU
		{3AC0D168-5227-44E5-9B0B-785282402525}.Release|iPhoneSimulator.Deploy.0 = Release|Any CPU
		{1BFEB9DC-E3C9-47C5-9C94-9EA2E776074B}.Ad-Hoc|Any CPU.ActiveCfg = Ad-Hoc|iPhone
		{1BFEB9DC-E3C9-47C5-9C94-9EA2E776074B}.Ad-Hoc|iPhone.ActiveCfg = Ad-Hoc|iPhone
		{1BFEB9DC-E3C9-47C5-9C94-9EA2E776074B}.Ad-Hoc|iPhone.Build.0 = Ad-Hoc|iPhone
		{1BFEB9DC-E3C9-47C5-9C94-9EA2E776074B}.Ad-Hoc|iPhoneSimulator.ActiveCfg = Ad-Hoc|iPhoneSimulator
		{1BFEB9DC-E3C9-47C5-9C94-9EA2E776074B}.Ad-Hoc|iPhoneSimulator.Build.0 = Ad-Hoc|iPhoneSimulator
		{1BFEB9DC-E3C9-47C5-9C94-9EA2E776074B}.AppStore|Any CPU.ActiveCfg = AppStore|iPhone
		{1BFEB9DC-E3C9-47C5-9C94-9EA2E776074B}.AppStore|iPhone.ActiveCfg = AppStore|iPhone
		{1BFEB9DC-E3C9-47C5-9C94-9EA2E776074B}.AppStore|iPhone.Build.0 = AppStore|iPhone
		{1BFEB9DC-E3C9-47C5-9C94-9EA2E776074B}.AppStore|iPhoneSimulator.ActiveCfg = AppStore|iPhoneSimulator
		{1BFEB9DC-E3C9-47C5-9C94-9EA2E776074B}.AppStore|iPhoneSimulator.Build.0 = AppStore|iPhoneSimulator
		{1BFEB9DC-E3C9-47C5-9C94-9EA2E776074B}.Debug|Any CPU.ActiveCfg = Debug|iPhone
		{1BFEB9DC-E3C9-47C5-9C94-9EA2E776074B}.Debug|iPhone.ActiveCfg = Debug|iPhone
		{1BFEB9DC-E3C9-47C5-9C94-9EA2E776074B}.Debug|iPhone.Build.0 = Debug|iPhone
		{1BFEB9DC-E3C9-47C5-9C94-9EA2E776074B}.Debug|iPhoneSimulator.ActiveCfg = Debug|iPhoneSimulator
		{1BFEB9DC-E3C9-47C5-9C94-9EA2E776074B}.Debug|iPhoneSimulator.Build.0 = Debug|iPhoneSimulator
		{1BFEB9DC-E3C9-47C5-9C94-9EA2E776074B}.Release|Any CPU.ActiveCfg = Release|iPhone
		{1BFEB9DC-E3C9-47C5-9C94-9EA2E776074B}.Release|iPhone.ActiveCfg = Release|iPhone
		{1BFEB9DC-E3C9-47C5-9C94-9EA2E776074B}.Release|iPhone.Build.0 = Release|iPhone
		{1BFEB9DC-E3C9-47C5-9C94-9EA2E776074B}.Release|iPhoneSimulator.ActiveCfg = Release|iPhoneSimulator
		{1BFEB9DC-E3C9-47C5-9C94-9EA2E776074B}.Release|iPhoneSimulator.Build.0 = Release|iPhoneSimulator
		{23071CB7-2FC6-4951-9233-AAE158A11C5F}.Ad-Hoc|Any CPU.ActiveCfg = Debug|Any CPU
		{23071CB7-2FC6-4951-9233-AAE158A11C5F}.Ad-Hoc|Any CPU.Build.0 = Debug|Any CPU
		{23071CB7-2FC6-4951-9233-AAE158A11C5F}.Ad-Hoc|iPhone.ActiveCfg = Debug|Any CPU
		{23071CB7-2FC6-4951-9233-AAE158A11C5F}.Ad-Hoc|iPhone.Build.0 = Debug|Any CPU
		{23071CB7-2FC6-4951-9233-AAE158A11C5F}.Ad-Hoc|iPhoneSimulator.ActiveCfg = Debug|Any CPU
		{23071CB7-2FC6-4951-9233-AAE158A11C5F}.Ad-Hoc|iPhoneSimulator.Build.0 = Debug|Any CPU
		{23071CB7-2FC6-4951-9233-AAE158A11C5F}.AppStore|Any CPU.ActiveCfg = Debug|Any CPU
		{23071CB7-2FC6-4951-9233-AAE158A11C5F}.AppStore|Any CPU.Build.0 = Debug|Any CPU
		{23071CB7-2FC6-4951-9233-AAE158A11C5F}.AppStore|iPhone.ActiveCfg = Debug|Any CPU
		{23071CB7-2FC6-4951-9233-AAE158A11C5F}.AppStore|iPhone.Build.0 = Debug|Any CPU
		{23071CB7-2FC6-4951-9233-AAE158A11C5F}.AppStore|iPhoneSimulator.ActiveCfg = Debug|Any CPU
		{23071CB7-2FC6-4951-9233-AAE158A11C5F}.AppStore|iPhoneSimulator.Build.0 = Debug|Any CPU
		{23071CB7-2FC6-4951-9233-AAE158A11C5F}.Debug|Any CPU.ActiveCfg = Debug|Any CPU
		{23071CB7-2FC6-4951-9233-AAE158A11C5F}.Debug|Any CPU.Build.0 = Debug|Any CPU
		{23071CB7-2FC6-4951-9233-AAE158A11C5F}.Debug|iPhone.ActiveCfg = Debug|Any CPU
		{23071CB7-2FC6-4951-9233-AAE158A11C5F}.Debug|iPhone.Build.0 = Debug|Any CPU
		{23071CB7-2FC6-4951-9233-AAE158A11C5F}.Debug|iPhoneSimulator.ActiveCfg = Debug|Any CPU
		{23071CB7-2FC6-4951-9233-AAE158A11C5F}.Debug|iPhoneSimulator.Build.0 = Debug|Any CPU
		{23071CB7-2FC6-4951-9233-AAE158A11C5F}.Release|Any CPU.ActiveCfg = Release|Any CPU
		{23071CB7-2FC6-4951-9233-AAE158A11C5F}.Release|Any CPU.Build.0 = Release|Any CPU
		{23071CB7-2FC6-4951-9233-AAE158A11C5F}.Release|iPhone.ActiveCfg = Release|Any CPU
		{23071CB7-2FC6-4951-9233-AAE158A11C5F}.Release|iPhone.Build.0 = Release|Any CPU
		{23071CB7-2FC6-4951-9233-AAE158A11C5F}.Release|iPhoneSimulator.ActiveCfg = Release|Any CPU
		{23071CB7-2FC6-4951-9233-AAE158A11C5F}.Release|iPhoneSimulator.Build.0 = Release|Any CPU
		{EF1E26CB-375A-4DAB-8568-79618694D59E}.Ad-Hoc|Any CPU.ActiveCfg = Release|Any CPU
		{EF1E26CB-375A-4DAB-8568-79618694D59E}.Ad-Hoc|Any CPU.Build.0 = Release|Any CPU
		{EF1E26CB-375A-4DAB-8568-79618694D59E}.Ad-Hoc|iPhone.ActiveCfg = Release|Any CPU
		{EF1E26CB-375A-4DAB-8568-79618694D59E}.Ad-Hoc|iPhone.Build.0 = Release|Any CPU
		{EF1E26CB-375A-4DAB-8568-79618694D59E}.Ad-Hoc|iPhoneSimulator.ActiveCfg = Release|Any CPU
		{EF1E26CB-375A-4DAB-8568-79618694D59E}.Ad-Hoc|iPhoneSimulator.Build.0 = Release|Any CPU
		{EF1E26CB-375A-4DAB-8568-79618694D59E}.AppStore|Any CPU.ActiveCfg = Release|Any CPU
		{EF1E26CB-375A-4DAB-8568-79618694D59E}.AppStore|Any CPU.Build.0 = Release|Any CPU
		{EF1E26CB-375A-4DAB-8568-79618694D59E}.AppStore|iPhone.ActiveCfg = Release|Any CPU
		{EF1E26CB-375A-4DAB-8568-79618694D59E}.AppStore|iPhone.Build.0 = Release|Any CPU
		{EF1E26CB-375A-4DAB-8568-79618694D59E}.AppStore|iPhoneSimulator.ActiveCfg = Release|Any CPU
		{EF1E26CB-375A-4DAB-8568-79618694D59E}.AppStore|iPhoneSimulator.Build.0 = Release|Any CPU
		{EF1E26CB-375A-4DAB-8568-79618694D59E}.Debug|Any CPU.ActiveCfg = Debug|Any CPU
		{EF1E26CB-375A-4DAB-8568-79618694D59E}.Debug|Any CPU.Build.0 = Debug|Any CPU
		{EF1E26CB-375A-4DAB-8568-79618694D59E}.Debug|iPhone.ActiveCfg = Debug|Any CPU
		{EF1E26CB-375A-4DAB-8568-79618694D59E}.Debug|iPhone.Build.0 = Debug|Any CPU
		{EF1E26CB-375A-4DAB-8568-79618694D59E}.Debug|iPhoneSimulator.ActiveCfg = Debug|Any CPU
		{EF1E26CB-375A-4DAB-8568-79618694D59E}.Debug|iPhoneSimulator.Build.0 = Debug|Any CPU
		{EF1E26CB-375A-4DAB-8568-79618694D59E}.Release|Any CPU.ActiveCfg = Release|Any CPU
		{EF1E26CB-375A-4DAB-8568-79618694D59E}.Release|Any CPU.Build.0 = Release|Any CPU
		{EF1E26CB-375A-4DAB-8568-79618694D59E}.Release|iPhone.ActiveCfg = Release|Any CPU
		{EF1E26CB-375A-4DAB-8568-79618694D59E}.Release|iPhone.Build.0 = Release|Any CPU
		{EF1E26CB-375A-4DAB-8568-79618694D59E}.Release|iPhoneSimulator.ActiveCfg = Release|Any CPU
		{EF1E26CB-375A-4DAB-8568-79618694D59E}.Release|iPhoneSimulator.Build.0 = Release|Any CPU
	EndGlobalSection
	GlobalSection(SolutionProperties) = preSolution
		HideSolutionNode = FALSE
	EndGlobalSection
	GlobalSection(NestedProjects) = preSolution
		{3AC0D168-5227-44E5-9B0B-785282402525} = {71C69870-7E79-424A-A2BA-F25A6D01A400}
		{1BFEB9DC-E3C9-47C5-9C94-9EA2E776074B} = {71C69870-7E79-424A-A2BA-F25A6D01A400}
		{23071CB7-2FC6-4951-9233-AAE158A11C5F} = {71C69870-7E79-424A-A2BA-F25A6D01A400}
		{EF1E26CB-375A-4DAB-8568-79618694D59E} = {71C69870-7E79-424A-A2BA-F25A6D01A400}
	EndGlobalSection
	GlobalSection(ExtensibilityGlobals) = postSolution
		SolutionGuid = {BEF8D0FF-4DA1-4E1C-BECE-3A7555061C10}
	EndGlobalSection
EndGlobal
